
Microsoft Visual Studio Solution File, Format Version 12.00
# Visual Studio Version 17
VisualStudioVersion = 17.0.31912.275
MinimumVisualStudioVersion = 10.0.40219.1
Project("{9A19103F-16F7-4668-BE54-9A1E7A4F7556}") = "Notes.Api", "Notes.Api\Notes.Api.csproj", "{0B902155-D900-4ED7-B880-2CDA7E4764B5}"
EndProject
Project("{FAE04EC0-301F-11D3-BF4B-00C04F79EFBC}") = "Notes.Web", "Notes.Web\Notes.Web.csproj", "{DF08FE5E-8B5E-46F7-9179-6DC1F390BD30}"
EndProject
Global
	GlobalSection(SolutionConfigurationPlatforms) = preSolution
		Debug|Any CPU = Debug|Any CPU
		Release|Any CPU = Release|Any CPU
	EndGlobalSection
	GlobalSection(ProjectConfigurationPlatforms) = postSolution
		{0B902155-D900-4ED7-B880-2CDA7E4764B5}.Debug|Any CPU.ActiveCfg = Debug|Any CPU
		{0B902155-D900-4ED7-B880-2CDA7E4764B5}.Debug|Any CPU.Build.0 = Debug|Any CPU
		{0B902155-D900-4ED7-B880-2CDA7E4764B5}.Release|Any CPU.ActiveCfg = Release|Any CPU
		{0B902155-D900-4ED7-B880-2CDA7E4764B5}.Release|Any CPU.Build.0 = Release|Any CPU
		{DF08FE5E-8B5E-46F7-9179-6DC1F390BD30}.Debug|Any CPU.ActiveCfg = Debug|Any CPU
		{DF08FE5E-8B5E-46F7-9179-6DC1F390BD30}.Debug|Any CPU.Build.0 = Debug|Any CPU
		{DF08FE5E-8B5E-46F7-9179-6DC1F390BD30}.Release|Any CPU.ActiveCfg = Release|Any CPU
		{DF08FE5E-8B5E-46F7-9179-6DC1F390BD30}.Release|Any CPU.Build.0 = Release|Any CPU
	EndGlobalSection
	GlobalSection(SolutionProperties) = preSolution
		HideSolutionNode = FALSE
	EndGlobalSection
	GlobalSection(ExtensibilityGlobals) = postSolution
		SolutionGuid = {1C6FC5C5-607B-4DAC-BDCA-CFA61359706B}
	EndGlobalSection
EndGlobal
